
Microsoft Visual Studio Solution File, Format Version 12.00
# Visual Studio Version 17
VisualStudioVersion = 17.2.32526.322
MinimumVisualStudioVersion = 10.0.40219.1
Project("{9092AA53-FB77-4645-B42D-1CCCA6BD08BD}") = "CCAPDEV-MP", "CCAPDEV-MP.njsproj", "{1699583E-43B3-4E0D-821A-328058628098}"
EndProject
Global
	GlobalSection(SolutionConfigurationPlatforms) = preSolution
		Debug|Any CPU = Debug|Any CPU
		Release|Any CPU = Release|Any CPU
	EndGlobalSection
	GlobalSection(ProjectConfigurationPlatforms) = postSolution
		{1699583E-43B3-4E0D-821A-328058628098}.Debug|Any CPU.ActiveCfg = Debug|Any CPU
		{1699583E-43B3-4E0D-821A-328058628098}.Debug|Any CPU.Build.0 = Debug|Any CPU
		{1699583E-43B3-4E0D-821A-328058628098}.Release|Any CPU.ActiveCfg = Release|Any CPU
		{1699583E-43B3-4E0D-821A-328058628098}.Release|Any CPU.Build.0 = Release|Any CPU
	EndGlobalSection
	GlobalSection(SolutionProperties) = preSolution
		HideSolutionNode = FALSE
	EndGlobalSection
	GlobalSection(ExtensibilityGlobals) = postSolution
		SolutionGuid = {F91805D5-6481-4E08-AA45-7614B37492C6}
	EndGlobalSection
EndGlobal
